
Microsoft Visual Studio Solution File, Format Version 12.00
# Visual Studio Version 17
VisualStudioVersion = 17.0.31912.275
MinimumVisualStudioVersion = 10.0.40219.1
Project("{9A19103F-16F7-4668-BE54-9A1E7A4F7556}") = "FileInclude", "FileInclude\FileInclude.csproj", "{32483C66-5CEF-40D7-9EE3-9C24F1280399}"
EndProject
Project("{2150E333-8FDC-42A3-9474-1A3956D46DE8}") = "Solution Items", "Solution Items", "{A6726300-23FE-406E-8D98-53A25DF6CF00}"
	ProjectSection(SolutionItems) = preProject
		README.md = README.md
	EndProjectSection
EndProject
Project("{2150E333-8FDC-42A3-9474-1A3956D46DE8}") = "Dependencies", "Dependencies", "{337915CE-42D2-4B2B-8093-D0DB526EE560}"
EndProject
Project("{9A19103F-16F7-4668-BE54-9A1E7A4F7556}") = "OROptimizer.Shared", "..\OROptimizer.Shared\OROptimizer.Shared\OROptimizer.Shared.csproj", "{3013A771-63E7-48B4-BCBE-83BB281EB487}"
EndProject
Global
	GlobalSection(SolutionConfigurationPlatforms) = preSolution
		Debug|Any CPU = Debug|Any CPU
		Release|Any CPU = Release|Any CPU
	EndGlobalSection
	GlobalSection(ProjectConfigurationPlatforms) = postSolution
		{32483C66-5CEF-40D7-9EE3-9C24F1280399}.Debug|Any CPU.ActiveCfg = Debug|Any CPU
		{32483C66-5CEF-40D7-9EE3-9C24F1280399}.Debug|Any CPU.Build.0 = Debug|Any CPU
		{32483C66-5CEF-40D7-9EE3-9C24F1280399}.Release|Any CPU.ActiveCfg = Release|Any CPU
		{32483C66-5CEF-40D7-9EE3-9C24F1280399}.Release|Any CPU.Build.0 = Release|Any CPU
		{3013A771-63E7-48B4-BCBE-83BB281EB487}.Debug|Any CPU.ActiveCfg = Debug|Any CPU
		{3013A771-63E7-48B4-BCBE-83BB281EB487}.Debug|Any CPU.Build.0 = Debug|Any CPU
		{3013A771-63E7-48B4-BCBE-83BB281EB487}.Release|Any CPU.ActiveCfg = Release|Any CPU
		{3013A771-63E7-48B4-BCBE-83BB281EB487}.Release|Any CPU.Build.0 = Release|Any CPU
	EndGlobalSection
	GlobalSection(SolutionProperties) = preSolution
		HideSolutionNode = FALSE
	EndGlobalSection
	GlobalSection(NestedProjects) = preSolution
		{3013A771-63E7-48B4-BCBE-83BB281EB487} = {337915CE-42D2-4B2B-8093-D0DB526EE560}
	EndGlobalSection
	GlobalSection(ExtensibilityGlobals) = postSolution
		SolutionGuid = {DE226C3A-43CC-4E86-8174-5F36B3C3B233}
	EndGlobalSection
EndGlobal
